
Microsoft Visual Studio Solution File, Format Version 12.00
# Visual Studio 15
VisualStudioVersion = 15.0.26124.0
MinimumVisualStudioVersion = 15.0.26124.0
Project("{2150E333-8FDC-42A3-9474-1A3956D46DE8}") = "src", "src", "{1A7D9874-B5F6-4530-B215-81DF9ACC1A90}"
EndProject
Project("{FAE04EC0-301F-11D3-BF4B-00C04F79EFBC}") = "Mysterious.Name.Samples", "src\Mysterious.Name.Samples\Mysterious.Name.Samples.csproj", "{47382E73-E6DA-4C23-BCEC-36E59DE0B31B}"
EndProject
Global
	GlobalSection(SolutionConfigurationPlatforms) = preSolution
		Debug|Any CPU = Debug|Any CPU
		Debug|x64 = Debug|x64
		Debug|x86 = Debug|x86
		Release|Any CPU = Release|Any CPU
		Release|x64 = Release|x64
		Release|x86 = Release|x86
	EndGlobalSection
	GlobalSection(SolutionProperties) = preSolution
		HideSolutionNode = FALSE
	EndGlobalSection
	GlobalSection(ProjectConfigurationPlatforms) = postSolution
		{47382E73-E6DA-4C23-BCEC-36E59DE0B31B}.Debug|Any CPU.ActiveCfg = Debug|Any CPU
		{47382E73-E6DA-4C23-BCEC-36E59DE0B31B}.Debug|Any CPU.Build.0 = Debug|Any CPU
		{47382E73-E6DA-4C23-BCEC-36E59DE0B31B}.Debug|x64.ActiveCfg = Debug|Any CPU
		{47382E73-E6DA-4C23-BCEC-36E59DE0B31B}.Debug|x64.Build.0 = Debug|Any CPU
		{47382E73-E6DA-4C23-BCEC-36E59DE0B31B}.Debug|x86.ActiveCfg = Debug|Any CPU
		{47382E73-E6DA-4C23-BCEC-36E59DE0B31B}.Debug|x86.Build.0 = Debug|Any CPU
		{47382E73-E6DA-4C23-BCEC-36E59DE0B31B}.Release|Any CPU.ActiveCfg = Release|Any CPU
		{47382E73-E6DA-4C23-BCEC-36E59DE0B31B}.Release|Any CPU.Build.0 = Release|Any CPU
		{47382E73-E6DA-4C23-BCEC-36E59DE0B31B}.Release|x64.ActiveCfg = Release|Any CPU
		{47382E73-E6DA-4C23-BCEC-36E59DE0B31B}.Release|x64.Build.0 = Release|Any CPU
		{47382E73-E6DA-4C23-BCEC-36E59DE0B31B}.Release|x86.ActiveCfg = Release|Any CPU
		{47382E73-E6DA-4C23-BCEC-36E59DE0B31B}.Release|x86.Build.0 = Release|Any CPU
	EndGlobalSection
	GlobalSection(NestedProjects) = preSolution
		{47382E73-E6DA-4C23-BCEC-36E59DE0B31B} = {1A7D9874-B5F6-4530-B215-81DF9ACC1A90}
	EndGlobalSection
EndGlobal
